
Microsoft Visual Studio Solution File, Format Version 12.00
# Visual Studio Version 16
VisualStudioVersion = 16.0.29025.244
MinimumVisualStudioVersion = 10.0.40219.1
Project("{FAE04EC0-301F-11D3-BF4B-00C04F79EFBC}") = "DBProjWF", "DBProjWF\DBProjWF.csproj", "{761C9E14-977E-45A7-944C-3BC0363A6011}"
EndProject
Global
	GlobalSection(SolutionConfigurationPlatforms) = preSolution
		Debug|Any CPU = Debug|Any CPU
		Release|Any CPU = Release|Any CPU
	EndGlobalSection
	GlobalSection(ProjectConfigurationPlatforms) = postSolution
		{761C9E14-977E-45A7-944C-3BC0363A6011}.Debug|Any CPU.ActiveCfg = Debug|Any CPU
		{761C9E14-977E-45A7-944C-3BC0363A6011}.Debug|Any CPU.Build.0 = Debug|Any CPU
		{761C9E14-977E-45A7-944C-3BC0363A6011}.Release|Any CPU.ActiveCfg = Release|Any CPU
		{761C9E14-977E-45A7-944C-3BC0363A6011}.Release|Any CPU.Build.0 = Release|Any CPU
	EndGlobalSection
	GlobalSection(SolutionProperties) = preSolution
		HideSolutionNode = FALSE
	EndGlobalSection
	GlobalSection(ExtensibilityGlobals) = postSolution
		SolutionGuid = {97B1AE7A-F7AB-473D-981A-3DD840AA19B4}
	EndGlobalSection
EndGlobal
